
Microsoft Visual Studio Solution File, Format Version 12.00
# Visual Studio Version 17
VisualStudioVersion = 17.11.35222.181
MinimumVisualStudioVersion = 10.0.40219.1
Project("{9A19103F-16F7-4668-BE54-9A1E7A4F7556}") = "MyWebServerApp", "MyWebServer\MyWebServerApp.csproj", "{A8E34C46-F192-44D4-A479-44CC4C726DA2}"
EndProject
Project("{9A19103F-16F7-4668-BE54-9A1E7A4F7556}") = "ServerProject", "ServerProject\ServerProject.csproj", "{68CCC238-082B-4B75-BC36-348B4932408C}"
EndProject
Global
	GlobalSection(SolutionConfigurationPlatforms) = preSolution
		Debug|Any CPU = Debug|Any CPU
		Release|Any CPU = Release|Any CPU
	EndGlobalSection
	GlobalSection(ProjectConfigurationPlatforms) = postSolution
		{A8E34C46-F192-44D4-A479-44CC4C726DA2}.Debug|Any CPU.ActiveCfg = Debug|Any CPU
		{A8E34C46-F192-44D4-A479-44CC4C726DA2}.Debug|Any CPU.Build.0 = Debug|Any CPU
		{A8E34C46-F192-44D4-A479-44CC4C726DA2}.Release|Any CPU.ActiveCfg = Release|Any CPU
		{A8E34C46-F192-44D4-A479-44CC4C726DA2}.Release|Any CPU.Build.0 = Release|Any CPU
		{68CCC238-082B-4B75-BC36-348B4932408C}.Debug|Any CPU.ActiveCfg = Debug|Any CPU
		{68CCC238-082B-4B75-BC36-348B4932408C}.Debug|Any CPU.Build.0 = Debug|Any CPU
		{68CCC238-082B-4B75-BC36-348B4932408C}.Release|Any CPU.ActiveCfg = Release|Any CPU
		{68CCC238-082B-4B75-BC36-348B4932408C}.Release|Any CPU.Build.0 = Release|Any CPU
	EndGlobalSection
	GlobalSection(SolutionProperties) = preSolution
		HideSolutionNode = FALSE
	EndGlobalSection
	GlobalSection(ExtensibilityGlobals) = postSolution
		SolutionGuid = {D1DD091F-C9C8-4F68-975C-D972AFC52442}
	EndGlobalSection
EndGlobal
